{
    "name": "wiz-world",
    "version": "0.1.0",
    "lockfileVersion": 3,
    "requires": true,
    "packages": {
        "": {
            "name": "wiz-world",
            "version": "0.1.0",
            "hasInstallScript": true,
            "engines": {
                "node": ">=21.6.1",
                "npm": ">=10.2.4"
            }
        }
    }
}
